
Microsoft Visual Studio Solution File, Format Version 12.00
# Visual Studio Version 17
VisualStudioVersion = 17.0.32112.339
MinimumVisualStudioVersion = 10.0.40219.1
Project("{FAE04EC0-301F-11D3-BF4B-00C04F79EFBC}") = "Tetris", "Tetris\Tetris.csproj", "{943DAB66-24F2-4448-B490-A7E2AFF5BA44}"
	ProjectSection(ProjectDependencies) = postProject
		{17096B70-A4E2-4D3B-AF11-E8A3579A96C8} = {17096B70-A4E2-4D3B-AF11-E8A3579A96C8}
	EndProjectSection
EndProject
Project("{FAE04EC0-301F-11D3-BF4B-00C04F79EFBC}") = "TetrisLibrary", "TetrisLibrary\TetrisLibrary.csproj", "{17096B70-A4E2-4D3B-AF11-E8A3579A96C8}"
EndProject
Global
	GlobalSection(SolutionConfigurationPlatforms) = preSolution
		Debug|Any CPU = Debug|Any CPU
		Release|Any CPU = Release|Any CPU
	EndGlobalSection
	GlobalSection(ProjectConfigurationPlatforms) = postSolution
		{943DAB66-24F2-4448-B490-A7E2AFF5BA44}.Debug|Any CPU.ActiveCfg = Debug|Any CPU
		{943DAB66-24F2-4448-B490-A7E2AFF5BA44}.Debug|Any CPU.Build.0 = Debug|Any CPU
		{943DAB66-24F2-4448-B490-A7E2AFF5BA44}.Release|Any CPU.ActiveCfg = Release|Any CPU
		{943DAB66-24F2-4448-B490-A7E2AFF5BA44}.Release|Any CPU.Build.0 = Release|Any CPU
		{17096B70-A4E2-4D3B-AF11-E8A3579A96C8}.Debug|Any CPU.ActiveCfg = Debug|Any CPU
		{17096B70-A4E2-4D3B-AF11-E8A3579A96C8}.Debug|Any CPU.Build.0 = Debug|Any CPU
		{17096B70-A4E2-4D3B-AF11-E8A3579A96C8}.Release|Any CPU.ActiveCfg = Release|Any CPU
		{17096B70-A4E2-4D3B-AF11-E8A3579A96C8}.Release|Any CPU.Build.0 = Release|Any CPU
	EndGlobalSection
	GlobalSection(SolutionProperties) = preSolution
		HideSolutionNode = FALSE
	EndGlobalSection
	GlobalSection(ExtensibilityGlobals) = postSolution
		SolutionGuid = {4B662238-0421-406A-A60A-41E45EFC3B77}
	EndGlobalSection
EndGlobal
